
Microsoft Visual Studio Solution File, Format Version 12.00
# Visual Studio Version 17
VisualStudioVersion = 17.13.35931.197 d17.13
MinimumVisualStudioVersion = 10.0.40219.1
Project("{FAE04EC0-301F-11D3-BF4B-00C04F79EFBC}") = "UNIVERSIDAD", "UNIVERSIDAD.csproj", "{76054B59-8063-48A7-9EBB-E071275F56EA}"
EndProject
Global
	GlobalSection(SolutionConfigurationPlatforms) = preSolution
		Debug|Any CPU = Debug|Any CPU
		Release|Any CPU = Release|Any CPU
	EndGlobalSection
	GlobalSection(ProjectConfigurationPlatforms) = postSolution
		{76054B59-8063-48A7-9EBB-E071275F56EA}.Debug|Any CPU.ActiveCfg = Debug|Any CPU
		{76054B59-8063-48A7-9EBB-E071275F56EA}.Debug|Any CPU.Build.0 = Debug|Any CPU
		{76054B59-8063-48A7-9EBB-E071275F56EA}.Release|Any CPU.ActiveCfg = Release|Any CPU
		{76054B59-8063-48A7-9EBB-E071275F56EA}.Release|Any CPU.Build.0 = Release|Any CPU
	EndGlobalSection
	GlobalSection(SolutionProperties) = preSolution
		HideSolutionNode = FALSE
	EndGlobalSection
	GlobalSection(ExtensibilityGlobals) = postSolution
		SolutionGuid = {7DF2A27C-7497-4016-96B9-694F2073B0CF}
	EndGlobalSection
EndGlobal
